
Microsoft Visual Studio Solution File, Format Version 12.00
# Visual Studio Version 17
VisualStudioVersion = 17.0.31912.275
MinimumVisualStudioVersion = 10.0.40219.1
Project("{FAE04EC0-301F-11D3-BF4B-00C04F79EFBC}") = "RSSFeeder", "RSSFeeder.csproj", "{88DFF62D-1FE2-4546-AC25-627F81AD4EA9}"
EndProject
Global
	GlobalSection(SolutionConfigurationPlatforms) = preSolution
		Debug|Any CPU = Debug|Any CPU
		Release|Any CPU = Release|Any CPU
	EndGlobalSection
	GlobalSection(ProjectConfigurationPlatforms) = postSolution
		{88DFF62D-1FE2-4546-AC25-627F81AD4EA9}.Debug|Any CPU.ActiveCfg = Debug|Any CPU
		{88DFF62D-1FE2-4546-AC25-627F81AD4EA9}.Debug|Any CPU.Build.0 = Debug|Any CPU
		{88DFF62D-1FE2-4546-AC25-627F81AD4EA9}.Release|Any CPU.ActiveCfg = Release|Any CPU
		{88DFF62D-1FE2-4546-AC25-627F81AD4EA9}.Release|Any CPU.Build.0 = Release|Any CPU
	EndGlobalSection
	GlobalSection(SolutionProperties) = preSolution
		HideSolutionNode = FALSE
	EndGlobalSection
	GlobalSection(ExtensibilityGlobals) = postSolution
		SolutionGuid = {E319FD90-071D-40C6-B24F-EAF656084509}
	EndGlobalSection
EndGlobal
